<?xml version="1.0" encoding="utf-8"?>
<Project ToolsVersion="4.0" xmlns="http://schemas.microsoft.com/developer/msbuild/2003">
  <ItemGroup>
    <Filter Include="Файлы исходного кода">
      <UniqueIdentifier>{4FC737F1-C7A5-4376-A066-2A32D752A2FF}</UniqueIdentifier>
      <Extensions>cpp;c;cc;cxx;def;odl;idl;hpj;bat;asm;asmx</Extensions>
    </Filter>
    <Filter Include="Заголовочные файлы">
      <UniqueIdentifier>{93995380-89BD-4b04-88EB-625FBE52EBFB}</UniqueIdentifier>
      <Extensions>h;hh;hpp;hxx;hm;inl;inc;xsd</Extensions>
    </Filter>
    <Filter Include="Файлы ресурсов">
      <UniqueIdentifier>{67DA6AB6-F800-4c08-8B7A-83BB121AAD01}</UniqueIdentifier>
      <Extensions>rc;ico;cur;bmp;dlg;rc2;rct;bin;rgs;gif;jpg;jpeg;jpe;resx;tiff;tif;png;wav;mfcribbon-ms</Extensions>
    </Filter>
    <Filter Include="Файлы исходного кода\MinHook">
      <UniqueIdentifier>{c66fe1d5-fc65-4d9f-96f1-f003e7e1311c}</UniqueIdentifier>
    </Filter>
    <Filter Include="Заголовочные файлы\MinHook">
      <UniqueIdentifier>{40045ba6-e9d4-498e-87e0-7a334983f3b7}</UniqueIdentifier>
    </Filter>
    <Filter Include="Заголовочные файлы\MinHook\hde">
      <UniqueIdentifier>{a3b4075e-185a-4c20-8555-509f44073ea1}</UniqueIdentifier>
    </Filter>
    <Filter Include="Файлы исходного кода\MinHook\hde">
      <UniqueIdentifier>{14079165-a793-4f02-a059-7072630def1f}</UniqueIdentifier>
    </Filter>
    <Filter Include="Файлы исходного кода\patches">
      <UniqueIdentifier>{9b3beeb1-f483-45b8-a9f7-11e202ffb7c5}</UniqueIdentifier>
    </Filter>
    <Filter Include="Заголовочные файлы\patches">
      <UniqueIdentifier>{b9510ef6-06d7-4fd9-86f7-c7c4f77150f6}</UniqueIdentifier>
    </Filter>
    <Filter Include="Файлы исходного кода\patches\Arktika1">
      <UniqueIdentifier>{a298be17-96bb-42f0-a58b-22baf8e68ed8}</UniqueIdentifier>
    </Filter>
    <Filter Include="Заголовочные файлы\patches\Arktika1">
      <UniqueIdentifier>{527af1fd-825c-415b-90fc-21bc9d0b45fe}</UniqueIdentifier>
    </Filter>
  </ItemGroup>
  <ItemGroup>
    <ClCompile Include="dllmain.cpp">
      <Filter>Файлы исходного кода</Filter>
    </ClCompile>
    <ClCompile Include="MinHook\hook.c">
      <Filter>Файлы исходного кода\MinHook</Filter>
    </ClCompile>
    <ClCompile Include="MinHook\trampoline.c">
      <Filter>Файлы исходного кода\MinHook</Filter>
    </ClCompile>
    <ClCompile Include="MinHook\buffer.c">
      <Filter>Файлы исходного кода\MinHook</Filter>
    </ClCompile>
    <ClCompile Include="MinHook\hde\hde32.c">
      <Filter>Файлы исходного кода\MinHook\hde</Filter>
    </ClCompile>
    <ClCompile Include="MinHook\hde\hde64.c">
      <Filter>Файлы исходного кода\MinHook\hde</Filter>
    </ClCompile>
    <ClCompile Include="model.cpp">
      <Filter>Файлы исходного кода</Filter>
    </ClCompile>
    <ClCompile Include="tok_file.c">
      <Filter>Файлы исходного кода</Filter>
    </ClCompile>
    <ClCompile Include="mfile.c">
      <Filter>Файлы исходного кода</Filter>
    </ClCompile>
    <ClCompile Include="tok_test.cpp">
      <Filter>Файлы исходного кода</Filter>
    </ClCompile>
    <ClCompile Include="uconsole.cpp">
      <Filter>Файлы исходного кода</Filter>
    </ClCompile>
    <ClCompile Include="NoIntro.cpp">
      <Filter>Файлы исходного кода\patches</Filter>
    </ClCompile>
    <ClCompile Include="BadQuitReset.cpp">
      <Filter>Файлы исходного кода\patches</Filter>
    </ClCompile>
    <ClCompile Include="ConsoleUnlocker.cpp">
      <Filter>Файлы исходного кода\patches</Filter>
    </ClCompile>
    <ClCompile Include="AllowDDS.cpp">
      <Filter>Файлы исходного кода\patches</Filter>
    </ClCompile>
    <ClCompile Include="ContentUnlocker.cpp">
      <Filter>Файлы исходного кода\patches</Filter>
    </ClCompile>
    <ClCompile Include="RestoreCommands.cpp">
      <Filter>Файлы исходного кода\patches</Filter>
    </ClCompile>
    <ClCompile Include="Unlock3rdPerson.cpp">
      <Filter>Файлы исходного кода\patches</Filter>
    </ClCompile>
    <ClCompile Include="QuickSave.cpp">
      <Filter>Файлы исходного кода\patches</Filter>
    </ClCompile>
    <ClCompile Include="Fly.cpp">
      <Filter>Файлы исходного кода\patches</Filter>
    </ClCompile>
    <ClCompile Include="Utils.cpp">
      <Filter>Файлы исходного кода</Filter>
    </ClCompile>
    <ClCompile Include="Hooks.cpp">
      <Filter>Файлы исходного кода</Filter>
    </ClCompile>
    <ClCompile Include="NoVideocardMsg.cpp">
      <Filter>Файлы исходного кода\patches</Filter>
    </ClCompile>
    <ClCompile Include="LogFile.cpp">
      <Filter>Файлы исходного кода\patches</Filter>
    </ClCompile>
    <ClCompile Include="Patcher.cpp">
      <Filter>Файлы исходного кода</Filter>
    </ClCompile>
    <ClCompile Include="NavMapGen.cpp">
      <Filter>Файлы исходного кода\patches</Filter>
    </ClCompile>
    <ClCompile Include="MemoryStreamImpl.cpp">
      <Filter>Файлы исходного кода</Filter>
    </ClCompile>
    <ClCompile Include="ShadersHack.cpp">
      <Filter>Файлы исходного кода\patches\Arktika1</Filter>
    </ClCompile>
    <ClCompile Include="UpgradesHack.cpp">
      <Filter>Файлы исходного кода\patches\Arktika1</Filter>
    </ClCompile>
    <ClCompile Include="WeaponHack.cpp">
      <Filter>Файлы исходного кода\patches\Arktika1</Filter>
    </ClCompile>
    <ClCompile Include="MenuHack.cpp">
      <Filter>Файлы исходного кода\patches\Arktika1</Filter>
    </ClCompile>
    <ClCompile Include="DisableFiltersCostMod.cpp">
      <Filter>Файлы исходного кода\patches</Filter>
    </ClCompile>
  </ItemGroup>
  <ItemGroup>
    <ClInclude Include="i_pathengine.h">
      <Filter>Заголовочные файлы</Filter>
    </ClInclude>
    <ClInclude Include="MinHook.h">
      <Filter>Заголовочные файлы</Filter>
    </ClInclude>
    <ClInclude Include="MinHook\buffer.h">
      <Filter>Заголовочные файлы\MinHook</Filter>
    </ClInclude>
    <ClInclude Include="MinHook\trampoline.h">
      <Filter>Заголовочные файлы\MinHook</Filter>
    </ClInclude>
    <ClInclude Include="MinHook\hde\hde32.h">
      <Filter>Заголовочные файлы\MinHook\hde</Filter>
    </ClInclude>
    <ClInclude Include="MinHook\hde\hde64.h">
      <Filter>Заголовочные файлы\MinHook\hde</Filter>
    </ClInclude>
    <ClInclude Include="MinHook\hde\pstdint.h">
      <Filter>Заголовочные файлы\MinHook\hde</Filter>
    </ClInclude>
    <ClInclude Include="MinHook\hde\table32.h">
      <Filter>Заголовочные файлы\MinHook\hde</Filter>
    </ClInclude>
    <ClInclude Include="MinHook\hde\table64.h">
      <Filter>Заголовочные файлы\MinHook\hde</Filter>
    </ClInclude>
    <ClInclude Include="model.hpp">
      <Filter>Заголовочные файлы</Filter>
    </ClInclude>
    <ClInclude Include="tok_file.h">
      <Filter>Заголовочные файлы</Filter>
    </ClInclude>
    <ClInclude Include="mfile.h">
      <Filter>Заголовочные файлы</Filter>
    </ClInclude>
    <ClInclude Include="uconsole.h">
      <Filter>Заголовочные файлы</Filter>
    </ClInclude>
    <ClInclude Include="Patcher.h">
      <Filter>Заголовочные файлы</Filter>
    </ClInclude>
    <ClInclude Include="NoIntro.h">
      <Filter>Заголовочные файлы\patches</Filter>
    </ClInclude>
    <ClInclude Include="BadQuitReset.h">
      <Filter>Заголовочные файлы\patches</Filter>
    </ClInclude>
    <ClInclude Include="ConsoleUnlocker.h">
      <Filter>Заголовочные файлы\patches</Filter>
    </ClInclude>
    <ClInclude Include="AllowDDS.h">
      <Filter>Заголовочные файлы\patches</Filter>
    </ClInclude>
    <ClInclude Include="ContentUnlocker.h">
      <Filter>Заголовочные файлы\patches</Filter>
    </ClInclude>
    <ClInclude Include="RestoreCommands.h">
      <Filter>Заголовочные файлы\patches</Filter>
    </ClInclude>
    <ClInclude Include="Unlock3rdPerson.h">
      <Filter>Заголовочные файлы\patches</Filter>
    </ClInclude>
    <ClInclude Include="QuickSave.h">
      <Filter>Заголовочные файлы\patches</Filter>
    </ClInclude>
    <ClInclude Include="Fly.h">
      <Filter>Заголовочные файлы\patches</Filter>
    </ClInclude>
    <ClInclude Include="Utils.h">
      <Filter>Заголовочные файлы</Filter>
    </ClInclude>
    <ClInclude Include="Hooks.h">
      <Filter>Заголовочные файлы</Filter>
    </ClInclude>
    <ClInclude Include="NoVideocardMsg.h">
      <Filter>Заголовочные файлы\patches</Filter>
    </ClInclude>
    <ClInclude Include="LogFile.h">
      <Filter>Заголовочные файлы\patches</Filter>
    </ClInclude>
    <ClInclude Include="NavMapGen.h">
      <Filter>Заголовочные файлы\patches</Filter>
    </ClInclude>
    <ClInclude Include="MemoryStreamImpl.h">
      <Filter>Заголовочные файлы</Filter>
    </ClInclude>
    <ClInclude Include="ShadersHack.h">
      <Filter>Заголовочные файлы\patches\Arktika1</Filter>
    </ClInclude>
    <ClInclude Include="UpgradesHack.h">
      <Filter>Заголовочные файлы\patches\Arktika1</Filter>
    </ClInclude>
    <ClInclude Include="WeaponHack.h">
      <Filter>Заголовочные файлы\patches\Arktika1</Filter>
    </ClInclude>
    <ClInclude Include="MenuHack.h">
      <Filter>Заголовочные файлы\patches\Arktika1</Filter>
    </ClInclude>
    <ClInclude Include="DisableFiltersCostMod.h">
      <Filter>Заголовочные файлы\patches</Filter>
    </ClInclude>
  </ItemGroup>
  <ItemGroup>
    <MASM Include="ArktikaWalkingHack.asm">
      <Filter>Файлы исходного кода</Filter>
    </MASM>
    <MASM Include="LoadNavMapHack.asm">
      <Filter>Файлы исходного кода</Filter>
    </MASM>
    <MASM Include="CantFindTextureLog.asm">
      <Filter>Файлы исходного кода</Filter>
    </MASM>
  </ItemGroup>
</Project>